{
  "name": "@rendrjs/router",
  "version": "0.0.4",
  "lockfileVersion": 3,
  "requires": true,
  "packages": {
    "": {
      "name": "@rendrjs/router",
      "version": "0.0.4",
      "license": "ISC",
      "devDependencies": {
        "typescript": "^5.1.6"
      },
      "peerDependencies": {
        "@rendrjs/core": "0.x"
      }
    },
    "node_modules/@rendrjs/core": {
      "version": "0.1.177",
      "resolved": "https://registry.npmjs.org/@rendrjs/core/-/core-0.1.177.tgz",
      "integrity": "sha512-P0koUSPI0vajNnJj9FfoSmZ76qsJ6MZ0rmj5sqr5CeEE4ePhPjhTvnIHwkfK5gGZAdlNGYxVles6WmLvvJjIcQ==",
      "peer": true
    },
    "node_modules/typescript": {
      "version": "5.3.2",
      "resolved": "https://registry.npmjs.org/typescript/-/typescript-5.3.2.tgz",
      "integrity": "sha512-6l+RyNy7oAHDfxC4FzSJcz9vnjTKxrLpDG5M2Vu4SHRVNg6xzqZp6LYSR9zjqQTu8DU/f5xwxUdADOkbrIX2gQ==",
      "dev": true,
      "bin": {
        "tsc": "bin/tsc",
        "tsserver": "bin/tsserver"
      },
      "engines": {
        "node": ">=14.17"
      }
    }
  }
}
