{
  "name": "@rendrjs/router",
  "version": "0.0.4",
  "lockfileVersion": 3,
  "requires": true,
  "packages": {
    "": {
      "name": "@rendrjs/router",
      "version": "0.0.4",
      "license": "ISC",
      "devDependencies": {
        "typescript": "^5.1.6"
      },
      "peerDependencies": {
        "@rendrjs/core": "0.x"
      }
    },
    "node_modules/@rendrjs/core": {
      "version": "0.1.177",
      "resolved": "https://registry.npmjs.org/@rendrjs/core/-/core-0.1.177.tgz",
      "integrity": "sha512-P0koUSPI0vajNnJj9FfoSmZ76qsJ6MZ0rmj5sqr5CeEE4ePhPjhTvnIHwkfK5gGZAdlNGYxVles6WmLvvJjIcQ==",
      "peer": true
    },
    "node_modules/typescript": {
      "version": "5.2.2",
      "resolved": "https://registry.npmjs.org/typescript/-/typescript-5.2.2.tgz",
      "integrity": "sha512-mI4WrpHsbCIcwT9cF4FZvr80QUeKvsUsUvKDoR+X/7XHQH98xYD8YHZg7ANtz2GtZt/CBq2QJ0thkGJMHfqc1w==",
      "dev": true,
      "bin": {
        "tsc": "bin/tsc",
        "tsserver": "bin/tsserver"
      },
      "engines": {
        "node": ">=14.17"
      }
    }
  }
}
